// !$*UTF8*$!
{
	archiveVersion = 1;
	classes = {
	};
	objectVersion = 51;
	objects = {

/* Begin PBXBuildFile section */
		E0B6A01A1EDD9DC1F3CE098A /* Pods_SwiftDiExample.framework in Frameworks */ = {isa = PBXBuildFile; fileRef = 5314AF3C99DCFF077B99FD01 /* Pods_SwiftDiExample.framework */; };
		E907D40E13D91750FC1B1681 /* Pods_SwiftDiExampleTests.framework in Frameworks */ = {isa = PBXBuildFile; fileRef = DC7BDC81807DA039FA38BFD6 /* Pods_SwiftDiExampleTests.framework */; };
		FB2DFF93239E98FE00682E13 /* AppDelegate.swift in Sources */ = {isa = PBXBuildFile; fileRef = FB2DFF92239E98FE00682E13 /* AppDelegate.swift */; };
		FB2DFF95239E98FE00682E13 /* SceneDelegate.swift in Sources */ = {isa = PBXBuildFile; fileRef = FB2DFF94239E98FE00682E13 /* SceneDelegate.swift */; };
		FB2DFF97239E98FE00682E13 /* ContentView.swift in Sources */ = {isa = PBXBuildFile; fileRef = FB2DFF96239E98FE00682E13 /* ContentView.swift */; };
		FB2DFF99239E98FF00682E13 /* Assets.xcassets in Resources */ = {isa = PBXBuildFile; fileRef = FB2DFF98239E98FF00682E13 /* Assets.xcassets */; };
		FB2DFF9C239E98FF00682E13 /* Preview Assets.xcassets in Resources */ = {isa = PBXBuildFile; fileRef = FB2DFF9B239E98FF00682E13 /* Preview Assets.xcassets */; };
		FB2DFF9F239E98FF00682E13 /* LaunchScreen.storyboard in Resources */ = {isa = PBXBuildFile; fileRef = FB2DFF9D239E98FF00682E13 /* LaunchScreen.storyboard */; };
		FB2DFFAA239E98FF00682E13 /* SwiftDiExampleTests.swift in Sources */ = {isa = PBXBuildFile; fileRef = FB2DFFA9239E98FF00682E13 /* SwiftDiExampleTests.swift */; };
		FB2DFFBC239E9A4200682E13 /* FeedDataSource.swift in Sources */ = {isa = PBXBuildFile; fileRef = FB2DFFBB239E9A4200682E13 /* FeedDataSource.swift */; };
		FB2DFFBE239E9A5900682E13 /* FeedLocalDataSource.swift in Sources */ = {isa = PBXBuildFile; fileRef = FB2DFFBD239E9A5900682E13 /* FeedLocalDataSource.swift */; };
		FB2DFFC1239E9AA600682E13 /* GetFeedListUseCase.swift in Sources */ = {isa = PBXBuildFile; fileRef = FB2DFFC0239E9AA600682E13 /* GetFeedListUseCase.swift */; };
		FB2DFFC3239E9BBF00682E13 /* Feed.swift in Sources */ = {isa = PBXBuildFile; fileRef = FB2DFFC2239E9BBF00682E13 /* Feed.swift */; };
		FB2DFFC5239E9D1A00682E13 /* FeedRepository.swift in Sources */ = {isa = PBXBuildFile; fileRef = FB2DFFC4239E9D1A00682E13 /* FeedRepository.swift */; };
		FB2DFFC7239E9E6B00682E13 /* ContributorModule.swift in Sources */ = {isa = PBXBuildFile; fileRef = FB2DFFC6239E9E6B00682E13 /* ContributorModule.swift */; };
		FB2DFFC9239E9EE200682E13 /* FeedModule.swift in Sources */ = {isa = PBXBuildFile; fileRef = FB2DFFC8239E9EE200682E13 /* FeedModule.swift */; };
		FB2DFFCC239E9FF800682E13 /* FeedViewModel.swift in Sources */ = {isa = PBXBuildFile; fileRef = FB2DFFCB239E9FF800682E13 /* FeedViewModel.swift */; };
		FB2DFFCE239EA91800682E13 /* FeedView.swift in Sources */ = {isa = PBXBuildFile; fileRef = FB2DFFCD239EA91800682E13 /* FeedView.swift */; };
		FB8A8BB2239F5D0D002E6E66 /* FeedLocalDataSourceTests.swift in Sources */ = {isa = PBXBuildFile; fileRef = FB8A8BB1239F5D0D002E6E66 /* FeedLocalDataSourceTests.swift */; };
		FB8A8BB4239FCCFF002E6E66 /* FeedRepositoryTests.swift in Sources */ = {isa = PBXBuildFile; fileRef = FB8A8BB3239FCCFF002E6E66 /* FeedRepositoryTests.swift */; };
		FB8A8BB6239FD05D002E6E66 /* GetFeedListUseCaseTests.swift in Sources */ = {isa = PBXBuildFile; fileRef = FB8A8BB5239FD05D002E6E66 /* GetFeedListUseCaseTests.swift */; };
		FB8A8BB8239FD242002E6E66 /* FeedViewModelTests.swift in Sources */ = {isa = PBXBuildFile; fileRef = FB8A8BB7239FD242002E6E66 /* FeedViewModelTests.swift */; };
		FB8A8BBA239FD610002E6E66 /* CardView.swift in Sources */ = {isa = PBXBuildFile; fileRef = FB8A8BB9239FD610002E6E66 /* CardView.swift */; };
		FB8A8BBE239FDBB3002E6E66 /* ImageView.swift in Sources */ = {isa = PBXBuildFile; fileRef = FB8A8BBD239FDBB3002E6E66 /* ImageView.swift */; };
		FB8A8BC0239FDCCF002E6E66 /* ImageLoader.swift in Sources */ = {isa = PBXBuildFile; fileRef = FB8A8BBF239FDCCF002E6E66 /* ImageLoader.swift */; };
		FB8A8BC523A00CD2002E6E66 /* feed.png in Resources */ = {isa = PBXBuildFile; fileRef = FB8A8BC423A00CD2002E6E66 /* feed.png */; };
		FB8A8BC723A0107B002E6E66 /* ListSeparatorStyleNoneModifier.swift in Sources */ = {isa = PBXBuildFile; fileRef = FB8A8BC623A0107B002E6E66 /* ListSeparatorStyleNoneModifier.swift */; };
		FB8A8BCA23A010C2002E6E66 /* View+Extension.swift in Sources */ = {isa = PBXBuildFile; fileRef = FB8A8BC923A010C2002E6E66 /* View+Extension.swift */; };
/* End PBXBuildFile section */

/* Begin PBXContainerItemProxy section */
		FB2DFFA6239E98FF00682E13 /* PBXContainerItemProxy */ = {
			isa = PBXContainerItemProxy;
			containerPortal = FB2DFF87239E98FD00682E13 /* Project object */;
			proxyType = 1;
			remoteGlobalIDString = FB2DFF8E239E98FD00682E13;
			remoteInfo = SwiftDiExample;
		};
/* End PBXContainerItemProxy section */

/* Begin PBXFileReference section */
		1B3B90759055A176158DD6EA /* Pods-SwiftDiExampleTests.release.xcconfig */ = {isa = PBXFileReference; includeInIndex = 1; lastKnownFileType = text.xcconfig; name = "Pods-SwiftDiExampleTests.release.xcconfig"; path = "Target Support Files/Pods-SwiftDiExampleTests/Pods-SwiftDiExampleTests.release.xcconfig"; sourceTree = "<group>"; };
		3B38578629533A6379E5952C /* Pods-SwiftDiExample.release.xcconfig */ = {isa = PBXFileReference; includeInIndex = 1; lastKnownFileType = text.xcconfig; name = "Pods-SwiftDiExample.release.xcconfig"; path = "Target Support Files/Pods-SwiftDiExample/Pods-SwiftDiExample.release.xcconfig"; sourceTree = "<group>"; };
		4681DF3ADBDDA579A16B726B /* Pods-SwiftDiExampleTests.debug.xcconfig */ = {isa = PBXFileReference; includeInIndex = 1; lastKnownFileType = text.xcconfig; name = "Pods-SwiftDiExampleTests.debug.xcconfig"; path = "Target Support Files/Pods-SwiftDiExampleTests/Pods-SwiftDiExampleTests.debug.xcconfig"; sourceTree = "<group>"; };
		4EBDABAEE2DEAB0B2B0CF366 /* Pods-SwiftDiExample.debug.xcconfig */ = {isa = PBXFileReference; includeInIndex = 1; lastKnownFileType = text.xcconfig; name = "Pods-SwiftDiExample.debug.xcconfig"; path = "Target Support Files/Pods-SwiftDiExample/Pods-SwiftDiExample.debug.xcconfig"; sourceTree = "<group>"; };
		5314AF3C99DCFF077B99FD01 /* Pods_SwiftDiExample.framework */ = {isa = PBXFileReference; explicitFileType = wrapper.framework; includeInIndex = 0; path = Pods_SwiftDiExample.framework; sourceTree = BUILT_PRODUCTS_DIR; };
		DC7BDC81807DA039FA38BFD6 /* Pods_SwiftDiExampleTests.framework */ = {isa = PBXFileReference; explicitFileType = wrapper.framework; includeInIndex = 0; path = Pods_SwiftDiExampleTests.framework; sourceTree = BUILT_PRODUCTS_DIR; };
		FB2DFF8F239E98FD00682E13 /* SwiftDiExample.app */ = {isa = PBXFileReference; explicitFileType = wrapper.application; includeInIndex = 0; path = SwiftDiExample.app; sourceTree = BUILT_PRODUCTS_DIR; };
		FB2DFF92239E98FE00682E13 /* AppDelegate.swift */ = {isa = PBXFileReference; lastKnownFileType = sourcecode.swift; path = AppDelegate.swift; sourceTree = "<group>"; };
		FB2DFF94239E98FE00682E13 /* SceneDelegate.swift */ = {isa = PBXFileReference; lastKnownFileType = sourcecode.swift; path = SceneDelegate.swift; sourceTree = "<group>"; };
		FB2DFF96239E98FE00682E13 /* ContentView.swift */ = {isa = PBXFileReference; lastKnownFileType = sourcecode.swift; path = ContentView.swift; sourceTree = "<group>"; };
		FB2DFF98239E98FF00682E13 /* Assets.xcassets */ = {isa = PBXFileReference; lastKnownFileType = folder.assetcatalog; path = Assets.xcassets; sourceTree = "<group>"; };
		FB2DFF9B239E98FF00682E13 /* Preview Assets.xcassets */ = {isa = PBXFileReference; lastKnownFileType = folder.assetcatalog; path = "Preview Assets.xcassets"; sourceTree = "<group>"; };
		FB2DFF9E239E98FF00682E13 /* Base */ = {isa = PBXFileReference; lastKnownFileType = file.storyboard; name = Base; path = Base.lproj/LaunchScreen.storyboard; sourceTree = "<group>"; };
		FB2DFFA0239E98FF00682E13 /* Info.plist */ = {isa = PBXFileReference; lastKnownFileType = text.plist.xml; path = Info.plist; sourceTree = "<group>"; };
		FB2DFFA5239E98FF00682E13 /* SwiftDiExampleTests.xctest */ = {isa = PBXFileReference; explicitFileType = wrapper.cfbundle; includeInIndex = 0; path = SwiftDiExampleTests.xctest; sourceTree = BUILT_PRODUCTS_DIR; };
		FB2DFFA9239E98FF00682E13 /* SwiftDiExampleTests.swift */ = {isa = PBXFileReference; lastKnownFileType = sourcecode.swift; path = SwiftDiExampleTests.swift; sourceTree = "<group>"; };
		FB2DFFAB239E98FF00682E13 /* Info.plist */ = {isa = PBXFileReference; lastKnownFileType = text.plist.xml; path = Info.plist; sourceTree = "<group>"; };
		FB2DFFBB239E9A4200682E13 /* FeedDataSource.swift */ = {isa = PBXFileReference; lastKnownFileType = sourcecode.swift; path = FeedDataSource.swift; sourceTree = "<group>"; };
		FB2DFFBD239E9A5900682E13 /* FeedLocalDataSource.swift */ = {isa = PBXFileReference; lastKnownFileType = sourcecode.swift; path = FeedLocalDataSource.swift; sourceTree = "<group>"; };
		FB2DFFC0239E9AA600682E13 /* GetFeedListUseCase.swift */ = {isa = PBXFileReference; lastKnownFileType = sourcecode.swift; path = GetFeedListUseCase.swift; sourceTree = "<group>"; };
		FB2DFFC2239E9BBF00682E13 /* Feed.swift */ = {isa = PBXFileReference; lastKnownFileType = sourcecode.swift; path = Feed.swift; sourceTree = "<group>"; };
		FB2DFFC4239E9D1A00682E13 /* FeedRepository.swift */ = {isa = PBXFileReference; lastKnownFileType = sourcecode.swift; path = FeedRepository.swift; sourceTree = "<group>"; };
		FB2DFFC6239E9E6B00682E13 /* ContributorModule.swift */ = {isa = PBXFileReference; lastKnownFileType = sourcecode.swift; path = ContributorModule.swift; sourceTree = "<group>"; };
		FB2DFFC8239E9EE200682E13 /* FeedModule.swift */ = {isa = PBXFileReference; lastKnownFileType = sourcecode.swift; path = FeedModule.swift; sourceTree = "<group>"; };
		FB2DFFCB239E9FF800682E13 /* FeedViewModel.swift */ = {isa = PBXFileReference; lastKnownFileType = sourcecode.swift; path = FeedViewModel.swift; sourceTree = "<group>"; };
		FB2DFFCD239EA91800682E13 /* FeedView.swift */ = {isa = PBXFileReference; lastKnownFileType = sourcecode.swift; path = FeedView.swift; sourceTree = "<group>"; };
		FB8A8BB1239F5D0D002E6E66 /* FeedLocalDataSourceTests.swift */ = {isa = PBXFileReference; lastKnownFileType = sourcecode.swift; path = FeedLocalDataSourceTests.swift; sourceTree = "<group>"; };
		FB8A8BB3239FCCFF002E6E66 /* FeedRepositoryTests.swift */ = {isa = PBXFileReference; lastKnownFileType = sourcecode.swift; path = FeedRepositoryTests.swift; sourceTree = "<group>"; };
		FB8A8BB5239FD05D002E6E66 /* GetFeedListUseCaseTests.swift */ = {isa = PBXFileReference; lastKnownFileType = sourcecode.swift; path = GetFeedListUseCaseTests.swift; sourceTree = "<group>"; };
		FB8A8BB7239FD242002E6E66 /* FeedViewModelTests.swift */ = {isa = PBXFileReference; lastKnownFileType = sourcecode.swift; path = FeedViewModelTests.swift; sourceTree = "<group>"; };
		FB8A8BB9239FD610002E6E66 /* CardView.swift */ = {isa = PBXFileReference; lastKnownFileType = sourcecode.swift; path = CardView.swift; sourceTree = "<group>"; };
		FB8A8BBD239FDBB3002E6E66 /* ImageView.swift */ = {isa = PBXFileReference; lastKnownFileType = sourcecode.swift; path = ImageView.swift; sourceTree = "<group>"; };
		FB8A8BBF239FDCCF002E6E66 /* ImageLoader.swift */ = {isa = PBXFileReference; lastKnownFileType = sourcecode.swift; path = ImageLoader.swift; sourceTree = "<group>"; };
		FB8A8BC223A00C3D002E6E66 /* README.md */ = {isa = PBXFileReference; lastKnownFileType = net.daringfireball.markdown; path = README.md; sourceTree = "<group>"; };
		FB8A8BC423A00CD2002E6E66 /* feed.png */ = {isa = PBXFileReference; lastKnownFileType = image.png; name = feed.png; path = ../../../../Desktop/feed.png; sourceTree = "<group>"; };
		FB8A8BC623A0107B002E6E66 /* ListSeparatorStyleNoneModifier.swift */ = {isa = PBXFileReference; lastKnownFileType = sourcecode.swift; path = ListSeparatorStyleNoneModifier.swift; sourceTree = "<group>"; };
		FB8A8BC923A010C2002E6E66 /* View+Extension.swift */ = {isa = PBXFileReference; lastKnownFileType = sourcecode.swift; path = "View+Extension.swift"; sourceTree = "<group>"; };
/* End PBXFileReference section */

/* Begin PBXFrameworksBuildPhase section */
		FB2DFF8C239E98FD00682E13 /* Frameworks */ = {
			isa = PBXFrameworksBuildPhase;
			buildActionMask = 2147483647;
			files = (
				E0B6A01A1EDD9DC1F3CE098A /* Pods_SwiftDiExample.framework in Frameworks */,
			);
			runOnlyForDeploymentPostprocessing = 0;
		};
		FB2DFFA2239E98FF00682E13 /* Frameworks */ = {
			isa = PBXFrameworksBuildPhase;
			buildActionMask = 2147483647;
			files = (
				E907D40E13D91750FC1B1681 /* Pods_SwiftDiExampleTests.framework in Frameworks */,
			);
			runOnlyForDeploymentPostprocessing = 0;
		};
/* End PBXFrameworksBuildPhase section */

/* Begin PBXGroup section */
		3164EE6F02E2F65A12579EF6 /* Frameworks */ = {
			isa = PBXGroup;
			children = (
				5314AF3C99DCFF077B99FD01 /* Pods_SwiftDiExample.framework */,
				DC7BDC81807DA039FA38BFD6 /* Pods_SwiftDiExampleTests.framework */,
			);
			name = Frameworks;
			sourceTree = "<group>";
		};
		6C41428CA8D1598931B1E850 /* Pods */ = {
			isa = PBXGroup;
			children = (
				4EBDABAEE2DEAB0B2B0CF366 /* Pods-SwiftDiExample.debug.xcconfig */,
				3B38578629533A6379E5952C /* Pods-SwiftDiExample.release.xcconfig */,
				4681DF3ADBDDA579A16B726B /* Pods-SwiftDiExampleTests.debug.xcconfig */,
				1B3B90759055A176158DD6EA /* Pods-SwiftDiExampleTests.release.xcconfig */,
			);
			path = Pods;
			sourceTree = "<group>";
		};
		FB2DFF86239E98FD00682E13 = {
			isa = PBXGroup;
			children = (
				FB8A8BC323A00C9F002E6E66 /* Screenshot */,
				FB8A8BC223A00C3D002E6E66 /* README.md */,
				FB2DFF91239E98FD00682E13 /* SwiftDiExample */,
				FB2DFFA8239E98FF00682E13 /* SwiftDiExampleTests */,
				FB2DFF90239E98FD00682E13 /* Products */,
				6C41428CA8D1598931B1E850 /* Pods */,
				3164EE6F02E2F65A12579EF6 /* Frameworks */,
			);
			sourceTree = "<group>";
		};
		FB2DFF90239E98FD00682E13 /* Products */ = {
			isa = PBXGroup;
			children = (
				FB2DFF8F239E98FD00682E13 /* SwiftDiExample.app */,
				FB2DFFA5239E98FF00682E13 /* SwiftDiExampleTests.xctest */,
			);
			name = Products;
			sourceTree = "<group>";
		};
		FB2DFF91239E98FD00682E13 /* SwiftDiExample */ = {
			isa = PBXGroup;
			children = (
				FB8A8BC823A010B2002E6E66 /* Extension */,
				FB8A8BC1239FDD76002E6E66 /* Utils */,
				FB8A8BBB239FDB9E002E6E66 /* View */,
				FB2DFFB5239E99BC00682E13 /* Di */,
				FB2DFFB6239E99CE00682E13 /* Feature */,
				FB2DFF92239E98FE00682E13 /* AppDelegate.swift */,
				FB2DFF94239E98FE00682E13 /* SceneDelegate.swift */,
				FB2DFF96239E98FE00682E13 /* ContentView.swift */,
				FB2DFF98239E98FF00682E13 /* Assets.xcassets */,
				FB2DFF9D239E98FF00682E13 /* LaunchScreen.storyboard */,
				FB2DFFA0239E98FF00682E13 /* Info.plist */,
				FB2DFF9A239E98FF00682E13 /* Preview Content */,
			);
			path = SwiftDiExample;
			sourceTree = "<group>";
		};
		FB2DFF9A239E98FF00682E13 /* Preview Content */ = {
			isa = PBXGroup;
			children = (
				FB2DFF9B239E98FF00682E13 /* Preview Assets.xcassets */,
			);
			path = "Preview Content";
			sourceTree = "<group>";
		};
		FB2DFFA8239E98FF00682E13 /* SwiftDiExampleTests */ = {
			isa = PBXGroup;
			children = (
				FB8A8BAC239F5CC7002E6E66 /* Feed */,
				FB2DFFA9239E98FF00682E13 /* SwiftDiExampleTests.swift */,
				FB2DFFAB239E98FF00682E13 /* Info.plist */,
			);
			path = SwiftDiExampleTests;
			sourceTree = "<group>";
		};
		FB2DFFB4239E999F00682E13 /* Feed */ = {
			isa = PBXGroup;
			children = (
				FB2DFFCA239E9F9200682E13 /* Presenter */,
				FB2DFFBF239E9A8700682E13 /* Domain */,
				FB2DFFB9239E9A1A00682E13 /* Data */,
				FB2DFFC8239E9EE200682E13 /* FeedModule.swift */,
			);
			path = Feed;
			sourceTree = "<group>";
		};
		FB2DFFB5239E99BC00682E13 /* Di */ = {
			isa = PBXGroup;
			children = (
				FB2DFFC6239E9E6B00682E13 /* ContributorModule.swift */,
			);
			path = Di;
			sourceTree = "<group>";
		};
		FB2DFFB6239E99CE00682E13 /* Feature */ = {
			isa = PBXGroup;
			children = (
				FB2DFFB4239E999F00682E13 /* Feed */,
			);
			path = Feature;
			sourceTree = "<group>";
		};
		FB2DFFB9239E9A1A00682E13 /* Data */ = {
			isa = PBXGroup;
			children = (
				FB2DFFBA239E9A2100682E13 /* Local */,
				FB2DFFBB239E9A4200682E13 /* FeedDataSource.swift */,
				FB2DFFC4239E9D1A00682E13 /* FeedRepository.swift */,
			);
			path = Data;
			sourceTree = "<group>";
		};
		FB2DFFBA239E9A2100682E13 /* Local */ = {
			isa = PBXGroup;
			children = (
				FB2DFFBD239E9A5900682E13 /* FeedLocalDataSource.swift */,
			);
			path = Local;
			sourceTree = "<group>";
		};
		FB2DFFBF239E9A8700682E13 /* Domain */ = {
			isa = PBXGroup;
			children = (
				FB2DFFC0239E9AA600682E13 /* GetFeedListUseCase.swift */,
				FB2DFFC2239E9BBF00682E13 /* Feed.swift */,
			);
			path = Domain;
			sourceTree = "<group>";
		};
		FB2DFFCA239E9F9200682E13 /* Presenter */ = {
			isa = PBXGroup;
			children = (
				FB2DFFCB239E9FF800682E13 /* FeedViewModel.swift */,
				FB2DFFCD239EA91800682E13 /* FeedView.swift */,
				FB8A8BB9239FD610002E6E66 /* CardView.swift */,
			);
			path = Presenter;
			sourceTree = "<group>";
		};
		FB8A8BAC239F5CC7002E6E66 /* Feed */ = {
			isa = PBXGroup;
			children = (
				FB8A8BAF239F5CE4002E6E66 /* Presenter */,
				FB8A8BAE239F5CDC002E6E66 /* Domain */,
				FB8A8BAD239F5CD4002E6E66 /* Data */,
			);
			path = Feed;
			sourceTree = "<group>";
		};
		FB8A8BAD239F5CD4002E6E66 /* Data */ = {
			isa = PBXGroup;
			children = (
				FB8A8BB0239F5CEF002E6E66 /* Local */,
				FB8A8BB3239FCCFF002E6E66 /* FeedRepositoryTests.swift */,
			);
			path = Data;
			sourceTree = "<group>";
		};
		FB8A8BAE239F5CDC002E6E66 /* Domain */ = {
			isa = PBXGroup;
			children = (
				FB8A8BB5239FD05D002E6E66 /* GetFeedListUseCaseTests.swift */,
			);
			path = Domain;
			sourceTree = "<group>";
		};
		FB8A8BAF239F5CE4002E6E66 /* Presenter */ = {
			isa = PBXGroup;
			children = (
				FB8A8BB7239FD242002E6E66 /* FeedViewModelTests.swift */,
			);
			path = Presenter;
			sourceTree = "<group>";
		};
		FB8A8BB0239F5CEF002E6E66 /* Local */ = {
			isa = PBXGroup;
			children = (
				FB8A8BB1239F5D0D002E6E66 /* FeedLocalDataSourceTests.swift */,
			);
			path = Local;
			sourceTree = "<group>";
		};
		FB8A8BBB239FDB9E002E6E66 /* View */ = {
			isa = PBXGroup;
			children = (
				FB8A8BBD239FDBB3002E6E66 /* ImageView.swift */,
				FB8A8BC623A0107B002E6E66 /* ListSeparatorStyleNoneModifier.swift */,
			);
			path = View;
			sourceTree = "<group>";
		};
		FB8A8BC1239FDD76002E6E66 /* Utils */ = {
			isa = PBXGroup;
			children = (
				FB8A8BBF239FDCCF002E6E66 /* ImageLoader.swift */,
			);
			path = Utils;
			sourceTree = "<group>";
		};
		FB8A8BC323A00C9F002E6E66 /* Screenshot */ = {
			isa = PBXGroup;
			children = (
				FB8A8BC423A00CD2002E6E66 /* feed.png */,
			);
			path = Screenshot;
			sourceTree = "<group>";
		};
		FB8A8BC823A010B2002E6E66 /* Extension */ = {
			isa = PBXGroup;
			children = (
				FB8A8BC923A010C2002E6E66 /* View+Extension.swift */,
			);
			path = Extension;
			sourceTree = "<group>";
		};
/* End PBXGroup section */

/* Begin PBXNativeTarget section */
		FB2DFF8E239E98FD00682E13 /* SwiftDiExample */ = {
			isa = PBXNativeTarget;
			buildConfigurationList = FB2DFFAE239E98FF00682E13 /* Build configuration list for PBXNativeTarget "SwiftDiExample" */;
			buildPhases = (
				4A02139421717DAE2B6AE524 /* [CP] Check Pods Manifest.lock */,
				FB2DFF8B239E98FD00682E13 /* Sources */,
				FB2DFF8C239E98FD00682E13 /* Frameworks */,
				FB2DFF8D239E98FD00682E13 /* Resources */,
				1D7A76C5DFA2821A30952110 /* [CP] Embed Pods Frameworks */,
			);
			buildRules = (
			);
			dependencies = (
			);
			name = SwiftDiExample;
			productName = SwiftDiExample;
			productReference = FB2DFF8F239E98FD00682E13 /* SwiftDiExample.app */;
			productType = "com.apple.product-type.application";
		};
		FB2DFFA4239E98FF00682E13 /* SwiftDiExampleTests */ = {
			isa = PBXNativeTarget;
			buildConfigurationList = FB2DFFB1239E98FF00682E13 /* Build configuration list for PBXNativeTarget "SwiftDiExampleTests" */;
			buildPhases = (
				B898838E3DEBF20D0CA32658 /* [CP] Check Pods Manifest.lock */,
				FB2DFFA1239E98FF00682E13 /* Sources */,
				FB2DFFA2239E98FF00682E13 /* Frameworks */,
				FB2DFFA3239E98FF00682E13 /* Resources */,
			);
			buildRules = (
			);
			dependencies = (
				FB2DFFA7239E98FF00682E13 /* PBXTargetDependency */,
			);
			name = SwiftDiExampleTests;
			productName = SwiftDiExampleTests;
			productReference = FB2DFFA5239E98FF00682E13 /* SwiftDiExampleTests.xctest */;
			productType = "com.apple.product-type.bundle.unit-test";
		};
/* End PBXNativeTarget section */

/* Begin PBXProject section */
		FB2DFF87239E98FD00682E13 /* Project object */ = {
			isa = PBXProject;
			attributes = {
				LastSwiftUpdateCheck = 1120;
				LastUpgradeCheck = 1120;
				ORGANIZATIONNAME = Endtry;
				TargetAttributes = {
					FB2DFF8E239E98FD00682E13 = {
						CreatedOnToolsVersion = 11.2.1;
					};
					FB2DFFA4239E98FF00682E13 = {
						CreatedOnToolsVersion = 11.2.1;
						TestTargetID = FB2DFF8E239E98FD00682E13;
					};
				};
			};
			buildConfigurationList = FB2DFF8A239E98FD00682E13 /* Build configuration list for PBXProject "SwiftDiExample" */;
			compatibilityVersion = "Xcode 9.3";
			developmentRegion = en;
			hasScannedForEncodings = 0;
			knownRegions = (
				en,
				Base,
			);
			mainGroup = FB2DFF86239E98FD00682E13;
			productRefGroup = FB2DFF90239E98FD00682E13 /* Products */;
			projectDirPath = "";
			projectRoot = "";
			targets = (
				FB2DFF8E239E98FD00682E13 /* SwiftDiExample */,
				FB2DFFA4239E98FF00682E13 /* SwiftDiExampleTests */,
			);
		};
/* End PBXProject section */

/* Begin PBXResourcesBuildPhase section */
		FB2DFF8D239E98FD00682E13 /* Resources */ = {
			isa = PBXResourcesBuildPhase;
			buildActionMask = 2147483647;
			files = (
				FB2DFF9F239E98FF00682E13 /* LaunchScreen.storyboard in Resources */,
				FB2DFF9C239E98FF00682E13 /* Preview Assets.xcassets in Resources */,
				FB2DFF99239E98FF00682E13 /* Assets.xcassets in Resources */,
				FB8A8BC523A00CD2002E6E66 /* feed.png in Resources */,
			);
			runOnlyForDeploymentPostprocessing = 0;
		};
		FB2DFFA3239E98FF00682E13 /* Resources */ = {
			isa = PBXResourcesBuildPhase;
			buildActionMask = 2147483647;
			files = (
			);
			runOnlyForDeploymentPostprocessing = 0;
		};
/* End PBXResourcesBuildPhase section */

/* Begin PBXShellScriptBuildPhase section */
		1D7A76C5DFA2821A30952110 /* [CP] Embed Pods Frameworks */ = {
			isa = PBXShellScriptBuildPhase;
			buildActionMask = 2147483647;
			files = (
			);
			inputFileListPaths = (
				"${PODS_ROOT}/Target Support Files/Pods-SwiftDiExample/Pods-SwiftDiExample-frameworks-${CONFIGURATION}-input-files.xcfilelist",
			);
			name = "[CP] Embed Pods Frameworks";
			outputFileListPaths = (
				"${PODS_ROOT}/Target Support Files/Pods-SwiftDiExample/Pods-SwiftDiExample-frameworks-${CONFIGURATION}-output-files.xcfilelist",
			);
			runOnlyForDeploymentPostprocessing = 0;
			shellPath = /bin/sh;
			shellScript = "\"${PODS_ROOT}/Target Support Files/Pods-SwiftDiExample/Pods-SwiftDiExample-frameworks.sh\"\n";
			showEnvVarsInLog = 0;
		};
		4A02139421717DAE2B6AE524 /* [CP] Check Pods Manifest.lock */ = {
			isa = PBXShellScriptBuildPhase;
			buildActionMask = 2147483647;
			files = (
			);
			inputFileListPaths = (
			);
			inputPaths = (
				"${PODS_PODFILE_DIR_PATH}/Podfile.lock",
				"${PODS_ROOT}/Manifest.lock",
			);
			name = "[CP] Check Pods Manifest.lock";
			outputFileListPaths = (
			);
			outputPaths = (
				"$(DERIVED_FILE_DIR)/Pods-SwiftDiExample-checkManifestLockResult.txt",
			);
			runOnlyForDeploymentPostprocessing = 0;
			shellPath = /bin/sh;
			shellScript = "diff \"${PODS_PODFILE_DIR_PATH}/Podfile.lock\" \"${PODS_ROOT}/Manifest.lock\" > /dev/null\nif [ $? != 0 ] ; then\n    # print error to STDERR\n    echo \"error: The sandbox is not in sync with the Podfile.lock. Run 'pod install' or update your CocoaPods installation.\" >&2\n    exit 1\nfi\n# This output is used by Xcode 'outputs' to avoid re-running this script phase.\necho \"SUCCESS\" > \"${SCRIPT_OUTPUT_FILE_0}\"\n";
			showEnvVarsInLog = 0;
		};
		B898838E3DEBF20D0CA32658 /* [CP] Check Pods Manifest.lock */ = {
			isa = PBXShellScriptBuildPhase;
			buildActionMask = 2147483647;
			files = (
			);
			inputFileListPaths = (
			);
			inputPaths = (
				"${PODS_PODFILE_DIR_PATH}/Podfile.lock",
				"${PODS_ROOT}/Manifest.lock",
			);
			name = "[CP] Check Pods Manifest.lock";
			outputFileListPaths = (
			);
			outputPaths = (
				"$(DERIVED_FILE_DIR)/Pods-SwiftDiExampleTests-checkManifestLockResult.txt",
			);
			runOnlyForDeploymentPostprocessing = 0;
			shellPath = /bin/sh;
			shellScript = "diff \"${PODS_PODFILE_DIR_PATH}/Podfile.lock\" \"${PODS_ROOT}/Manifest.lock\" > /dev/null\nif [ $? != 0 ] ; then\n    # print error to STDERR\n    echo \"error: The sandbox is not in sync with the Podfile.lock. Run 'pod install' or update your CocoaPods installation.\" >&2\n    exit 1\nfi\n# This output is used by Xcode 'outputs' to avoid re-running this script phase.\necho \"SUCCESS\" > \"${SCRIPT_OUTPUT_FILE_0}\"\n";
			showEnvVarsInLog = 0;
		};
/* End PBXShellScriptBuildPhase section */

/* Begin PBXSourcesBuildPhase section */
		FB2DFF8B239E98FD00682E13 /* Sources */ = {
			isa = PBXSourcesBuildPhase;
			buildActionMask = 2147483647;
			files = (
				FB2DFFC5239E9D1A00682E13 /* FeedRepository.swift in Sources */,
				FB2DFFCC239E9FF800682E13 /* FeedViewModel.swift in Sources */,
				FB8A8BC0239FDCCF002E6E66 /* ImageLoader.swift in Sources */,
				FB8A8BCA23A010C2002E6E66 /* View+Extension.swift in Sources */,
				FB2DFFC3239E9BBF00682E13 /* Feed.swift in Sources */,
				FB2DFFC7239E9E6B00682E13 /* ContributorModule.swift in Sources */,
				FB2DFFCE239EA91800682E13 /* FeedView.swift in Sources */,
				FB2DFFC9239E9EE200682E13 /* FeedModule.swift in Sources */,
				FB2DFFC1239E9AA600682E13 /* GetFeedListUseCase.swift in Sources */,
				FB8A8BBA239FD610002E6E66 /* CardView.swift in Sources */,
				FB2DFF93239E98FE00682E13 /* AppDelegate.swift in Sources */,
				FB2DFFBC239E9A4200682E13 /* FeedDataSource.swift in Sources */,
				FB2DFF95239E98FE00682E13 /* SceneDelegate.swift in Sources */,
				FB8A8BC723A0107B002E6E66 /* ListSeparatorStyleNoneModifier.swift in Sources */,
				FB2DFFBE239E9A5900682E13 /* FeedLocalDataSource.swift in Sources */,
				FB8A8BBE239FDBB3002E6E66 /* ImageView.swift in Sources */,
				FB2DFF97239E98FE00682E13 /* ContentView.swift in Sources */,
			);
			runOnlyForDeploymentPostprocessing = 0;
		};
		FB2DFFA1239E98FF00682E13 /* Sources */ = {
			isa = PBXSourcesBuildPhase;
			buildActionMask = 2147483647;
			files = (
				FB8A8BB6239FD05D002E6E66 /* GetFeedListUseCaseTests.swift in Sources */,
				FB8A8BB4239FCCFF002E6E66 /* FeedRepositoryTests.swift in Sources */,
				FB8A8BB8239FD242002E6E66 /* FeedViewModelTests.swift in Sources */,
				FB8A8BB2239F5D0D002E6E66 /* FeedLocalDataSourceTests.swift in Sources */,
				FB2DFFAA239E98FF00682E13 /* SwiftDiExampleTests.swift in Sources */,
			);
			runOnlyForDeploymentPostprocessing = 0;
		};
/* End PBXSourcesBuildPhase section */

/* Begin PBXTargetDependency section */
		FB2DFFA7239E98FF00682E13 /* PBXTargetDependency */ = {
			isa = PBXTargetDependency;
			target = FB2DFF8E239E98FD00682E13 /* SwiftDiExample */;
			targetProxy = FB2DFFA6239E98FF00682E13 /* PBXContainerItemProxy */;
		};
/* End PBXTargetDependency section */

/* Begin PBXVariantGroup section */
		FB2DFF9D239E98FF00682E13 /* LaunchScreen.storyboard */ = {
			isa = PBXVariantGroup;
			children = (
				FB2DFF9E239E98FF00682E13 /* Base */,
			);
			name = LaunchScreen.storyboard;
			sourceTree = "<group>";
		};
/* End PBXVariantGroup section */

/* Begin XCBuildConfiguration section */
		FB2DFFAC239E98FF00682E13 /* Debug */ = {
			isa = XCBuildConfiguration;
			buildSettings = {
				ALWAYS_SEARCH_USER_PATHS = NO;
				CLANG_ANALYZER_NONNULL = YES;
				CLANG_ANALYZER_NUMBER_OBJECT_CONVERSION = YES_AGGRESSIVE;
				CLANG_CXX_LANGUAGE_STANDARD = "gnu++14";
				CLANG_CXX_LIBRARY = "libc++";
				CLANG_ENABLE_MODULES = YES;
				CLANG_ENABLE_OBJC_ARC = YES;
				CLANG_ENABLE_OBJC_WEAK = YES;
				CLANG_WARN_BLOCK_CAPTURE_AUTORELEASING = YES;
				CLANG_WARN_BOOL_CONVERSION = YES;
				CLANG_WARN_COMMA = YES;
				CLANG_WARN_CONSTANT_CONVERSION = YES;
				CLANG_WARN_DEPRECATED_OBJC_IMPLEMENTATIONS = YES;
				CLANG_WARN_DIRECT_OBJC_ISA_USAGE = YES_ERROR;
				CLANG_WARN_DOCUMENTATION_COMMENTS = YES;
				CLANG_WARN_EMPTY_BODY = YES;
				CLANG_WARN_ENUM_CONVERSION = YES;
				CLANG_WARN_INFINITE_RECURSION = YES;
				CLANG_WARN_INT_CONVERSION = YES;
				CLANG_WARN_NON_LITERAL_NULL_CONVERSION = YES;
				CLANG_WARN_OBJC_IMPLICIT_RETAIN_SELF = YES;
				CLANG_WARN_OBJC_LITERAL_CONVERSION = YES;
				CLANG_WARN_OBJC_ROOT_CLASS = YES_ERROR;
				CLANG_WARN_RANGE_LOOP_ANALYSIS = YES;
				CLANG_WARN_STRICT_PROTOTYPES = YES;
				CLANG_WARN_SUSPICIOUS_MOVE = YES;
				CLANG_WARN_UNGUARDED_AVAILABILITY = YES_AGGRESSIVE;
				CLANG_WARN_UNREACHABLE_CODE = YES;
				CLANG_WARN__DUPLICATE_METHOD_MATCH = YES;
				COPY_PHASE_STRIP = NO;
				DEBUG_INFORMATION_FORMAT = dwarf;
				ENABLE_STRICT_OBJC_MSGSEND = YES;
				ENABLE_TESTABILITY = YES;
				GCC_C_LANGUAGE_STANDARD = gnu11;
				GCC_DYNAMIC_NO_PIC = NO;
				GCC_NO_COMMON_BLOCKS = YES;
				GCC_OPTIMIZATION_LEVEL = 0;
				GCC_PREPROCESSOR_DEFINITIONS = (
					"DEBUG=1",
					"$(inherited)",
				);
				GCC_WARN_64_TO_32_BIT_CONVERSION = YES;
				GCC_WARN_ABOUT_RETURN_TYPE = YES_ERROR;
				GCC_WARN_UNDECLARED_SELECTOR = YES;
				GCC_WARN_UNINITIALIZED_AUTOS = YES_AGGRESSIVE;
				GCC_WARN_UNUSED_FUNCTION = YES;
				GCC_WARN_UNUSED_VARIABLE = YES;
				IPHONEOS_DEPLOYMENT_TARGET = 13.2;
				MTL_ENABLE_DEBUG_INFO = INCLUDE_SOURCE;
				MTL_FAST_MATH = YES;
				ONLY_ACTIVE_ARCH = YES;
				SDKROOT = iphoneos;
				SWIFT_ACTIVE_COMPILATION_CONDITIONS = DEBUG;
				SWIFT_OPTIMIZATION_LEVEL = "-Onone";
			};
			name = Debug;
		};
		FB2DFFAD239E98FF00682E13 /* Release */ = {
			isa = XCBuildConfiguration;
			buildSettings = {
				ALWAYS_SEARCH_USER_PATHS = NO;
				CLANG_ANALYZER_NONNULL = YES;
				CLANG_ANALYZER_NUMBER_OBJECT_CONVERSION = YES_AGGRESSIVE;
				CLANG_CXX_LANGUAGE_STANDARD = "gnu++14";
				CLANG_CXX_LIBRARY = "libc++";
				CLANG_ENABLE_MODULES = YES;
				CLANG_ENABLE_OBJC_ARC = YES;
				CLANG_ENABLE_OBJC_WEAK = YES;
				CLANG_WARN_BLOCK_CAPTURE_AUTORELEASING = YES;
				CLANG_WARN_BOOL_CONVERSION = YES;
				CLANG_WARN_COMMA = YES;
				CLANG_WARN_CONSTANT_CONVERSION = YES;
				CLANG_WARN_DEPRECATED_OBJC_IMPLEMENTATIONS = YES;
				CLANG_WARN_DIRECT_OBJC_ISA_USAGE = YES_ERROR;
				CLANG_WARN_DOCUMENTATION_COMMENTS = YES;
				CLANG_WARN_EMPTY_BODY = YES;
				CLANG_WARN_ENUM_CONVERSION = YES;
				CLANG_WARN_INFINITE_RECURSION = YES;
				CLANG_WARN_INT_CONVERSION = YES;
				CLANG_WARN_NON_LITERAL_NULL_CONVERSION = YES;
				CLANG_WARN_OBJC_IMPLICIT_RETAIN_SELF = YES;
				CLANG_WARN_OBJC_LITERAL_CONVERSION = YES;
				CLANG_WARN_OBJC_ROOT_CLASS = YES_ERROR;
				CLANG_WARN_RANGE_LOOP_ANALYSIS = YES;
				CLANG_WARN_STRICT_PROTOTYPES = YES;
				CLANG_WARN_SUSPICIOUS_MOVE = YES;
				CLANG_WARN_UNGUARDED_AVAILABILITY = YES_AGGRESSIVE;
				CLANG_WARN_UNREACHABLE_CODE = YES;
				CLANG_WARN__DUPLICATE_METHOD_MATCH = YES;
				COPY_PHASE_STRIP = NO;
				DEBUG_INFORMATION_FORMAT = "dwarf-with-dsym";
				ENABLE_NS_ASSERTIONS = NO;
				ENABLE_STRICT_OBJC_MSGSEND = YES;
				GCC_C_LANGUAGE_STANDARD = gnu11;
				GCC_NO_COMMON_BLOCKS = YES;
				GCC_WARN_64_TO_32_BIT_CONVERSION = YES;
				GCC_WARN_ABOUT_RETURN_TYPE = YES_ERROR;
				GCC_WARN_UNDECLARED_SELECTOR = YES;
				GCC_WARN_UNINITIALIZED_AUTOS = YES_AGGRESSIVE;
				GCC_WARN_UNUSED_FUNCTION = YES;
				GCC_WARN_UNUSED_VARIABLE = YES;
				IPHONEOS_DEPLOYMENT_TARGET = 13.2;
				MTL_ENABLE_DEBUG_INFO = NO;
				MTL_FAST_MATH = YES;
				SDKROOT = iphoneos;
				SWIFT_COMPILATION_MODE = wholemodule;
				SWIFT_OPTIMIZATION_LEVEL = "-O";
				VALIDATE_PRODUCT = YES;
			};
			name = Release;
		};
		FB2DFFAF239E98FF00682E13 /* Debug */ = {
			isa = XCBuildConfiguration;
			baseConfigurationReference = 4EBDABAEE2DEAB0B2B0CF366 /* Pods-SwiftDiExample.debug.xcconfig */;
			buildSettings = {
				ASSETCATALOG_COMPILER_APPICON_NAME = AppIcon;
				CODE_SIGN_STYLE = Automatic;
				DEVELOPMENT_ASSET_PATHS = "\"SwiftDiExample/Preview Content\"";
				DEVELOPMENT_TEAM = 3ATXW43MG6;
				ENABLE_PREVIEWS = YES;
				INFOPLIST_FILE = SwiftDiExample/Info.plist;
				LD_RUNPATH_SEARCH_PATHS = (
					"$(inherited)",
					"@executable_path/Frameworks",
				);
				PRODUCT_BUNDLE_IDENTIFIER = com.prongbang.SwiftDiExample;
				PRODUCT_NAME = "$(TARGET_NAME)";
				SWIFT_VERSION = 5.0;
				TARGETED_DEVICE_FAMILY = "1,2";
			};
			name = Debug;
		};
		FB2DFFB0239E98FF00682E13 /* Release */ = {
			isa = XCBuildConfiguration;
			baseConfigurationReference = 3B38578629533A6379E5952C /* Pods-SwiftDiExample.release.xcconfig */;
			buildSettings = {
				ASSETCATALOG_COMPILER_APPICON_NAME = AppIcon;
				CODE_SIGN_STYLE = Automatic;
				DEVELOPMENT_ASSET_PATHS = "\"SwiftDiExample/Preview Content\"";
				DEVELOPMENT_TEAM = 3ATXW43MG6;
				ENABLE_PREVIEWS = YES;
				INFOPLIST_FILE = SwiftDiExample/Info.plist;
				LD_RUNPATH_SEARCH_PATHS = (
					"$(inherited)",
					"@executable_path/Frameworks",
				);
				PRODUCT_BUNDLE_IDENTIFIER = com.prongbang.SwiftDiExample;
				PRODUCT_NAME = "$(TARGET_NAME)";
				SWIFT_VERSION = 5.0;
				TARGETED_DEVICE_FAMILY = "1,2";
			};
			name = Release;
		};
		FB2DFFB2239E98FF00682E13 /* Debug */ = {
			isa = XCBuildConfiguration;
			baseConfigurationReference = 4681DF3ADBDDA579A16B726B /* Pods-SwiftDiExampleTests.debug.xcconfig */;
			buildSettings = {
				ALWAYS_EMBED_SWIFT_STANDARD_LIBRARIES = YES;
				BUNDLE_LOADER = "$(TEST_HOST)";
				CODE_SIGN_STYLE = Automatic;
				DEVELOPMENT_TEAM = 3ATXW43MG6;
				INFOPLIST_FILE = SwiftDiExampleTests/Info.plist;
				IPHONEOS_DEPLOYMENT_TARGET = 13.2;
				LD_RUNPATH_SEARCH_PATHS = (
					"$(inherited)",
					"@executable_path/Frameworks",
					"@loader_path/Frameworks",
				);
				PRODUCT_BUNDLE_IDENTIFIER = com.prongbang.SwiftDiExampleTests;
				PRODUCT_NAME = "$(TARGET_NAME)";
				SWIFT_VERSION = 5.0;
				TARGETED_DEVICE_FAMILY = "1,2";
				TEST_HOST = "$(BUILT_PRODUCTS_DIR)/SwiftDiExample.app/SwiftDiExample";
			};
			name = Debug;
		};
		FB2DFFB3239E98FF00682E13 /* Release */ = {
			isa = XCBuildConfiguration;
			baseConfigurationReference = 1B3B90759055A176158DD6EA /* Pods-SwiftDiExampleTests.release.xcconfig */;
			buildSettings = {
				ALWAYS_EMBED_SWIFT_STANDARD_LIBRARIES = YES;
				BUNDLE_LOADER = "$(TEST_HOST)";
				CODE_SIGN_STYLE = Automatic;
				DEVELOPMENT_TEAM = 3ATXW43MG6;
				INFOPLIST_FILE = SwiftDiExampleTests/Info.plist;
				IPHONEOS_DEPLOYMENT_TARGET = 13.2;
				LD_RUNPATH_SEARCH_PATHS = (
					"$(inherited)",
					"@executable_path/Frameworks",
					"@loader_path/Frameworks",
				);
				PRODUCT_BUNDLE_IDENTIFIER = com.prongbang.SwiftDiExampleTests;
				PRODUCT_NAME = "$(TARGET_NAME)";
				SWIFT_VERSION = 5.0;
				TARGETED_DEVICE_FAMILY = "1,2";
				TEST_HOST = "$(BUILT_PRODUCTS_DIR)/SwiftDiExample.app/SwiftDiExample";
			};
			name = Release;
		};
/* End XCBuildConfiguration section */

/* Begin XCConfigurationList section */
		FB2DFF8A239E98FD00682E13 /* Build configuration list for PBXProject "SwiftDiExample" */ = {
			isa = XCConfigurationList;
			buildConfigurations = (
				FB2DFFAC239E98FF00682E13 /* Debug */,
				FB2DFFAD239E98FF00682E13 /* Release */,
			);
			defaultConfigurationIsVisible = 0;
			defaultConfigurationName = Release;
		};
		FB2DFFAE239E98FF00682E13 /* Build configuration list for PBXNativeTarget "SwiftDiExample" */ = {
			isa = XCConfigurationList;
			buildConfigurations = (
				FB2DFFAF239E98FF00682E13 /* Debug */,
				FB2DFFB0239E98FF00682E13 /* Release */,
			);
			defaultConfigurationIsVisible = 0;
			defaultConfigurationName = Release;
		};
		FB2DFFB1239E98FF00682E13 /* Build configuration list for PBXNativeTarget "SwiftDiExampleTests" */ = {
			isa = XCConfigurationList;
			buildConfigurations = (
				FB2DFFB2239E98FF00682E13 /* Debug */,
				FB2DFFB3239E98FF00682E13 /* Release */,
			);
			defaultConfigurationIsVisible = 0;
			defaultConfigurationName = Release;
		};
/* End XCConfigurationList section */
	};
	rootObject = FB2DFF87239E98FD00682E13 /* Project object */;
}
